
Microsoft Visual Studio Solution File, Format Version 12.00
# Visual Studio Version 17
VisualStudioVersion = 17.9.34321.82
MinimumVisualStudioVersion = 10.0.40219.1
Project("{FAE04EC0-301F-11D3-BF4B-00C04F79EFBC}") = "cringe", "cringe\cringe.csproj", "{475D62D3-1AF7-4209-9B93-F9FC346CA6DC}"
EndProject
Global
	GlobalSection(SolutionConfigurationPlatforms) = preSolution
		Debug|Any CPU = Debug|Any CPU
		Release|Any CPU = Release|Any CPU
	EndGlobalSection
	GlobalSection(ProjectConfigurationPlatforms) = postSolution
		{475D62D3-1AF7-4209-9B93-F9FC346CA6DC}.Debug|Any CPU.ActiveCfg = Debug|Any CPU
		{475D62D3-1AF7-4209-9B93-F9FC346CA6DC}.Debug|Any CPU.Build.0 = Debug|Any CPU
		{475D62D3-1AF7-4209-9B93-F9FC346CA6DC}.Release|Any CPU.ActiveCfg = Release|Any CPU
		{475D62D3-1AF7-4209-9B93-F9FC346CA6DC}.Release|Any CPU.Build.0 = Release|Any CPU
	EndGlobalSection
	GlobalSection(SolutionProperties) = preSolution
		HideSolutionNode = FALSE
	EndGlobalSection
	GlobalSection(ExtensibilityGlobals) = postSolution
		SolutionGuid = {06A67023-4C72-46D0-96FB-19106C558BA7}
	EndGlobalSection
EndGlobal
